lockfileVersion: '9.0'

settings:
  autoInstallPeers: true
  excludeLinksFromLockfile: false

importers:

  .:
    devDependencies:
      '@moshcoder/moshpit-dns':
        specifier: ^0.3.0
        version: 0.3.0

packages:

  '@moshcoder/moshpit-dns@0.3.0':
    resolution: {integrity: sha512-BGkcSHniErFXp1uLoKN+97L1zIqh2nzmOlZJTQ0Lpap+iR6Qk+8gc+w9KKHFJBAd7pqMiGO+Ry/RzOqqvHozyw==}
    engines: {node: '>=20'}
    hasBin: true

snapshots:

  '@moshcoder/moshpit-dns@0.3.0': {}
