lockfileVersion: '9.0'

settings:
  autoInstallPeers: true
  excludeLinksFromLockfile: false

importers:

  .:
    devDependencies:
      '@moshcoder/moshpit-dns':
        specifier: ^0.2.2
        version: 0.2.2

packages:

  '@moshcoder/moshpit-dns@0.2.2':
    resolution: {integrity: sha512-xoCAVzFX7CKeCEgAO58VI8eHViduwEFiiMbPWqE14YyPwltk9fk8XI4v1zL9jaU3tJYVK/yRUCuKf4BhJG1tGg==}
    engines: {node: '>=20'}
    hasBin: true

snapshots:

  '@moshcoder/moshpit-dns@0.2.2': {}
