lockfileVersion: '9.0'

settings:
  autoInstallPeers: true
  excludeLinksFromLockfile: false

importers:

  .:
    dependencies:
      '@profullstack/synconfig':
        specifier: ^0.1.1
        version: 0.1.1
    devDependencies:
      '@moshcoder/moshpit-dns':
        specifier: ^0.5.0
        version: 0.5.0

packages:

  '@moshcoder/moshpit-dns@0.5.0':
    resolution: {integrity: sha512-cl0wj5iKdsJrA8lE1SXcCcaVcIqzp4O9rhkMJ6m+K/NN+4RPyqxw+9q+JWDRFUVuXGnLHmkY78RtyN2k6u66Ng==}
    engines: {node: '>=20'}
    hasBin: true

  '@profullstack/synconfig@0.1.1':
    resolution: {integrity: sha512-gX/tZ0j0QShtAf2/Mpr40Fev0h7HVoh5jl3tVbFVrSfuQHalthiwVgZ8lQKzhv+0kpxvVex4qkT8xMFHSopklA==}
    engines: {node: '>=22'}

snapshots:

  '@moshcoder/moshpit-dns@0.5.0': {}

  '@profullstack/synconfig@0.1.1': {}
